
Microsoft Visual Studio Solution File, Format Version 12.00
# Visual Studio Version 17
VisualStudioVersion = 17.9.34622.214
MinimumVisualStudioVersion = 10.0.40219.1
Project("{FAE04EC0-301F-11D3-BF4B-00C04F79EFBC}") = "WinFormsApp2", "WinFormsApp2\WinFormsApp2.csproj", "{C9F25374-2B0D-4D86-B4C9-F210AB7F13F2}"
EndProject
Global
	GlobalSection(SolutionConfigurationPlatforms) = preSolution
		Debug|Any CPU = Debug|Any CPU
		Release|Any CPU = Release|Any CPU
	EndGlobalSection
	GlobalSection(ProjectConfigurationPlatforms) = postSolution
		{C9F25374-2B0D-4D86-B4C9-F210AB7F13F2}.Debug|Any CPU.ActiveCfg = Debug|Any CPU
		{C9F25374-2B0D-4D86-B4C9-F210AB7F13F2}.Debug|Any CPU.Build.0 = Debug|Any CPU
		{C9F25374-2B0D-4D86-B4C9-F210AB7F13F2}.Release|Any CPU.ActiveCfg = Release|Any CPU
		{C9F25374-2B0D-4D86-B4C9-F210AB7F13F2}.Release|Any CPU.Build.0 = Release|Any CPU
	EndGlobalSection
	GlobalSection(SolutionProperties) = preSolution
		HideSolutionNode = FALSE
	EndGlobalSection
	GlobalSection(ExtensibilityGlobals) = postSolution
		SolutionGuid = {B876CEDE-B596-4995-A8B8-8354C7ACDBD1}
	EndGlobalSection
EndGlobal
